
Microsoft Visual Studio Solution File, Format Version 12.00
# Visual Studio 15
VisualStudioVersion = 15.0.28010.2026
MinimumVisualStudioVersion = 10.0.40219.1
Project("{9A19103F-16F7-4668-BE54-9A1E7A4F7556}") = "RouteService.Api", "RouteService\RouteService.Api.csproj", "{35CE2BFF-501C-44A9-AD88-C64784961F5C}"
EndProject
Project("{9A19103F-16F7-4668-BE54-9A1E7A4F7556}") = "RouteService.FlightsServiceClient", "RouteService.FlightsServiceClient\RouteService.FlightsServiceClient.csproj", "{97A6A93C-8B14-4DE4-ADA1-4F818EDF6D4C}"
EndProject
Project("{9A19103F-16F7-4668-BE54-9A1E7A4F7556}") = "RouteService.Model", "RouteService.Model\RouteService.Model.csproj", "{D16286CD-4EA6-4C47-A9A6-A1EFBD5B4EEE}"
EndProject
Project("{9A19103F-16F7-4668-BE54-9A1E7A4F7556}") = "RouteService.FlightsServiceProvider", "RouteService.FlightsServiceProvider\RouteService.FlightsServiceProvider.csproj", "{9F54769B-9E56-426B-9ADB-01D06D1BE5E3}"
EndProject
Project("{9A19103F-16F7-4668-BE54-9A1E7A4F7556}") = "RouteService.Logic", "RouteService.Logic\RouteService.Logic.csproj", "{9EE761F8-1C8A-4D5A-AC4F-A209E7D5827F}"
EndProject
Project("{FAE04EC0-301F-11D3-BF4B-00C04F79EFBC}") = "RouteService.Logic.Tests", "RouteService.Logic.Tests\RouteService.Logic.Tests.csproj", "{CBF53DAA-EAB5-4FE6-BE65-9403FD91A2F7}"
EndProject
Project("{FAE04EC0-301F-11D3-BF4B-00C04F79EFBC}") = "RouteService.API.Tests", "RouteService.API.Tests\RouteService.API.Tests.csproj", "{FE32DC89-0053-4DA0-AACE-19EC1572F9D2}"
EndProject
Global
	GlobalSection(SolutionConfigurationPlatforms) = preSolution
		Debug|Any CPU = Debug|Any CPU
		Release|Any CPU = Release|Any CPU
	EndGlobalSection
	GlobalSection(ProjectConfigurationPlatforms) = postSolution
		{35CE2BFF-501C-44A9-AD88-C64784961F5C}.Debug|Any CPU.ActiveCfg = Debug|Any CPU
		{35CE2BFF-501C-44A9-AD88-C64784961F5C}.Debug|Any CPU.Build.0 = Debug|Any CPU
		{35CE2BFF-501C-44A9-AD88-C64784961F5C}.Release|Any CPU.ActiveCfg = Release|Any CPU
		{35CE2BFF-501C-44A9-AD88-C64784961F5C}.Release|Any CPU.Build.0 = Release|Any CPU
		{97A6A93C-8B14-4DE4-ADA1-4F818EDF6D4C}.Debug|Any CPU.ActiveCfg = Debug|Any CPU
		{97A6A93C-8B14-4DE4-ADA1-4F818EDF6D4C}.Debug|Any CPU.Build.0 = Debug|Any CPU
		{97A6A93C-8B14-4DE4-ADA1-4F818EDF6D4C}.Release|Any CPU.ActiveCfg = Release|Any CPU
		{97A6A93C-8B14-4DE4-ADA1-4F818EDF6D4C}.Release|Any CPU.Build.0 = Release|Any CPU
		{D16286CD-4EA6-4C47-A9A6-A1EFBD5B4EEE}.Debug|Any CPU.ActiveCfg = Debug|Any CPU
		{D16286CD-4EA6-4C47-A9A6-A1EFBD5B4EEE}.Debug|Any CPU.Build.0 = Debug|Any CPU
		{D16286CD-4EA6-4C47-A9A6-A1EFBD5B4EEE}.Release|Any CPU.ActiveCfg = Release|Any CPU
		{D16286CD-4EA6-4C47-A9A6-A1EFBD5B4EEE}.Release|Any CPU.Build.0 = Release|Any CPU
		{9F54769B-9E56-426B-9ADB-01D06D1BE5E3}.Debug|Any CPU.ActiveCfg = Debug|Any CPU
		{9F54769B-9E56-426B-9ADB-01D06D1BE5E3}.Debug|Any CPU.Build.0 = Debug|Any CPU
		{9F54769B-9E56-426B-9ADB-01D06D1BE5E3}.Release|Any CPU.ActiveCfg = Release|Any CPU
		{9F54769B-9E56-426B-9ADB-01D06D1BE5E3}.Release|Any CPU.Build.0 = Release|Any CPU
		{9EE761F8-1C8A-4D5A-AC4F-A209E7D5827F}.Debug|Any CPU.ActiveCfg = Debug|Any CPU
		{9EE761F8-1C8A-4D5A-AC4F-A209E7D5827F}.Debug|Any CPU.Build.0 = Debug|Any CPU
		{9EE761F8-1C8A-4D5A-AC4F-A209E7D5827F}.Release|Any CPU.ActiveCfg = Release|Any CPU
		{9EE761F8-1C8A-4D5A-AC4F-A209E7D5827F}.Release|Any CPU.Build.0 = Release|Any CPU
		{CBF53DAA-EAB5-4FE6-BE65-9403FD91A2F7}.Debug|Any CPU.ActiveCfg = Debug|Any CPU
		{CBF53DAA-EAB5-4FE6-BE65-9403FD91A2F7}.Debug|Any CPU.Build.0 = Debug|Any CPU
		{CBF53DAA-EAB5-4FE6-BE65-9403FD91A2F7}.Release|Any CPU.ActiveCfg = Release|Any CPU
		{CBF53DAA-EAB5-4FE6-BE65-9403FD91A2F7}.Release|Any CPU.Build.0 = Release|Any CPU
		{FE32DC89-0053-4DA0-AACE-19EC1572F9D2}.Debug|Any CPU.ActiveCfg = Debug|Any CPU
		{FE32DC89-0053-4DA0-AACE-19EC1572F9D2}.Debug|Any CPU.Build.0 = Debug|Any CPU
		{FE32DC89-0053-4DA0-AACE-19EC1572F9D2}.Release|Any CPU.ActiveCfg = Release|Any CPU
		{FE32DC89-0053-4DA0-AACE-19EC1572F9D2}.Release|Any CPU.Build.0 = Release|Any CPU
	EndGlobalSection
	GlobalSection(SolutionProperties) = preSolution
		HideSolutionNode = FALSE
	EndGlobalSection
	GlobalSection(ExtensibilityGlobals) = postSolution
		SolutionGuid = {F004F842-6771-4FFB-9590-60078343C6B7}
	EndGlobalSection
EndGlobal
